
Microsoft Visual Studio Solution File, Format Version 12.00
# Visual Studio Version 16
VisualStudioVersion = 16.0.30804.86
MinimumVisualStudioVersion = 10.0.40219.1
Project("{FAE04EC0-301F-11D3-BF4B-00C04F79EFBC}") = "Loudog", "Loudog\Loudog.csproj", "{58FA4B37-CFD8-4094-95C7-3B554C630A1A}"
EndProject
Global
	GlobalSection(SolutionConfigurationPlatforms) = preSolution
		Debug|Any CPU = Debug|Any CPU
		Release|Any CPU = Release|Any CPU
	EndGlobalSection
	GlobalSection(ProjectConfigurationPlatforms) = postSolution
		{58FA4B37-CFD8-4094-95C7-3B554C630A1A}.Debug|Any CPU.ActiveCfg = Debug|Any CPU
		{58FA4B37-CFD8-4094-95C7-3B554C630A1A}.Debug|Any CPU.Build.0 = Debug|Any CPU
		{58FA4B37-CFD8-4094-95C7-3B554C630A1A}.Release|Any CPU.ActiveCfg = Release|Any CPU
		{58FA4B37-CFD8-4094-95C7-3B554C630A1A}.Release|Any CPU.Build.0 = Release|Any CPU
	EndGlobalSection
	GlobalSection(SolutionProperties) = preSolution
		HideSolutionNode = FALSE
	EndGlobalSection
	GlobalSection(ExtensibilityGlobals) = postSolution
		SolutionGuid = {C7E35F64-27AC-4E86-8511-BE0C689715E0}
	EndGlobalSection
EndGlobal
